
Microsoft Visual Studio Solution File, Format Version 12.00
# Visual Studio Version 17
VisualStudioVersion = 17.13.35913.81 d17.13
MinimumVisualStudioVersion = 10.0.40219.1
Project("{FAE04EC0-301F-11D3-BF4B-00C04F79EFBC}") = "hrm_api", "hrm_api\hrm_api.csproj", "{58E3DA9B-5131-4AD2-942B-A26BB6B18341}"
EndProject
Global
	GlobalSection(SolutionConfigurationPlatforms) = preSolution
		Debug|Any CPU = Debug|Any CPU
		Release|Any CPU = Release|Any CPU
	EndGlobalSection
	GlobalSection(ProjectConfigurationPlatforms) = postSolution
		{58E3DA9B-5131-4AD2-942B-A26BB6B18341}.Debug|Any CPU.ActiveCfg = Debug|Any CPU
		{58E3DA9B-5131-4AD2-942B-A26BB6B18341}.Debug|Any CPU.Build.0 = Debug|Any CPU
		{58E3DA9B-5131-4AD2-942B-A26BB6B18341}.Release|Any CPU.ActiveCfg = Release|Any CPU
		{58E3DA9B-5131-4AD2-942B-A26BB6B18341}.Release|Any CPU.Build.0 = Release|Any CPU
	EndGlobalSection
	GlobalSection(SolutionProperties) = preSolution
		HideSolutionNode = FALSE
	EndGlobalSection
	GlobalSection(ExtensibilityGlobals) = postSolution
		SolutionGuid = {5B9ED403-A589-40C6-A83C-18353F03A97C}
	EndGlobalSection
EndGlobal
